NeoBundleLock Spacegray.vim 1c10d0da045609910e8fb03b33c043bbcff35d9e
NeoBundleLock Tagbar e777dbb9723399045e4e69e86592e33da1b14758
NeoBundleLock YouCompleteMe 93c2a8644bcfc84590bea5e19eab350fe245e504
NeoBundleLock delimitMate.vim a2bda0d9199bc8343ffdbff2b562b1e2486a67b5
NeoBundleLock emmet-vim c7901281374eacc91da9f9db42d0d32cd89ad343
NeoBundleLock fzf.vim b97a6393ff53acd6145185a400cf6aa44d525ecc
NeoBundleLock gundo.vim dd5ab1e930deb8c74ea9046654dd0587df0cf459
NeoBundleLock jedi-vim dc23f0b859d3b5c087921b68cf7cd66803ecca83
NeoBundleLock neobundle.vim e89b79b748a2f54893bb8fba70ca808d8ee554c7
NeoBundleLock nerdcommenter 1f4bfd59920c101a30a74a07b824608a6e65f3fe
NeoBundleLock nerdtree 4ebbb533c3faf2c480211db2b547972bb3b60f2b
NeoBundleLock supertab 9f7da6d4988daf863ebc414f221bb12c2614f59e
NeoBundleLock ultisnips 5a2dcc5cbfa4c1e4a981d57544eb51fc5baeecea
NeoBundleLock vim-airline 14d14cf951c08fc88ca6c3e6f28fe47b99421e23
NeoBundleLock vim-easymotion a21d4474f0e9df7a721246e0a3b386068901965f
NeoBundleLock vim-fugitive 8851b8fe643517af160f59dfc3d88a0c4eed1fa5
NeoBundleLock vim-misc 3e6b8fb6f03f13434543ce1f5d24f6a5d3f34f0b
NeoBundleLock vim-snippets cb063bed37d4114d2eb110eb7b495a2f65bcfd97
NeoBundleLock vim-surround 2d05440ad23f97a7874ebd9b5de3a0e65d25d85c
